
Microsoft Visual Studio Solution File, Format Version 12.00
Project("{FAE04EC0-301F-11D3-BF4B-00C04F79EFBC}") = "SmartHouseApp", "SmartHouseApp\SmartHouseApp.csproj", "{FC4D86BA-765C-4B52-AA5F-3897EB867107}"
EndProject
Global
	GlobalSection(SolutionConfigurationPlatforms) = preSolution
		Debug|Any CPU = Debug|Any CPU
		Release|Any CPU = Release|Any CPU
	EndGlobalSection
	GlobalSection(ProjectConfigurationPlatforms) = postSolution
		{FC4D86BA-765C-4B52-AA5F-3897EB867107}.Debug|Any CPU.ActiveCfg = Debug|Any CPU
		{FC4D86BA-765C-4B52-AA5F-3897EB867107}.Debug|Any CPU.Build.0 = Debug|Any CPU
		{FC4D86BA-765C-4B52-AA5F-3897EB867107}.Release|Any CPU.ActiveCfg = Release|Any CPU
		{FC4D86BA-765C-4B52-AA5F-3897EB867107}.Release|Any CPU.Build.0 = Release|Any CPU
	EndGlobalSection
EndGlobal
